
Microsoft Visual Studio Solution File, Format Version 12.00
# Visual Studio 2013
VisualStudioVersion = 12.0.30501.0
MinimumVisualStudioVersion = 10.0.40219.1
Project("{FAE04EC0-301F-11D3-BF4B-00C04F79EFBC}") = "WebSockets", "WebSockets\WebSockets.csproj", "{3D75FA42-D8C6-4354-95FA-3245EADCED2C}"
EndProject
Project("{FAE04EC0-301F-11D3-BF4B-00C04F79EFBC}") = "WebSocketsExample", "WebSocketsExample\WebSocketsExample.csproj", "{F35C5B66-9DFF-411F-BA05-B084BA487123}"
EndProject
Project("{FAE04EC0-301F-11D3-BF4B-00C04F79EFBC}") = "WebSocketsExampleLinux", "WebSocketsExampleLinux\WebSocketsExampleLinux.csproj", "{5896AAC3-7A95-40D2-85E6-5BC5AEBDCE31}"
EndProject
Global
	GlobalSection(SolutionConfigurationPlatforms) = preSolution
		Debug|Any CPU = Debug|Any CPU
		Release|Any CPU = Release|Any CPU
	EndGlobalSection
	GlobalSection(ProjectConfigurationPlatforms) = postSolution
		{3D75FA42-D8C6-4354-95FA-3245EADCED2C}.Debug|Any CPU.ActiveCfg = Debug|Any CPU
		{3D75FA42-D8C6-4354-95FA-3245EADCED2C}.Debug|Any CPU.Build.0 = Debug|Any CPU
		{3D75FA42-D8C6-4354-95FA-3245EADCED2C}.Release|Any CPU.ActiveCfg = Release|Any CPU
		{3D75FA42-D8C6-4354-95FA-3245EADCED2C}.Release|Any CPU.Build.0 = Release|Any CPU
		{F35C5B66-9DFF-411F-BA05-B084BA487123}.Debug|Any CPU.ActiveCfg = Debug|Any CPU
		{F35C5B66-9DFF-411F-BA05-B084BA487123}.Debug|Any CPU.Build.0 = Debug|Any CPU
		{F35C5B66-9DFF-411F-BA05-B084BA487123}.Release|Any CPU.ActiveCfg = Release|Any CPU
		{F35C5B66-9DFF-411F-BA05-B084BA487123}.Release|Any CPU.Build.0 = Release|Any CPU
		{5896AAC3-7A95-40D2-85E6-5BC5AEBDCE31}.Debug|Any CPU.ActiveCfg = Debug|Any CPU
		{5896AAC3-7A95-40D2-85E6-5BC5AEBDCE31}.Debug|Any CPU.Build.0 = Debug|Any CPU
		{5896AAC3-7A95-40D2-85E6-5BC5AEBDCE31}.Release|Any CPU.ActiveCfg = Release|Any CPU
		{5896AAC3-7A95-40D2-85E6-5BC5AEBDCE31}.Release|Any CPU.Build.0 = Release|Any CPU
	EndGlobalSection
	GlobalSection(SolutionProperties) = preSolution
		HideSolutionNode = FALSE
	EndGlobalSection
	GlobalSection(MonoDevelopProperties) = preSolution
		StartupItem = WebSocketsExampleLinux\WebSocketsExampleLinux.csproj
	EndGlobalSection
EndGlobal
